
Microsoft Visual Studio Solution File, Format Version 12.00
# Visual Studio Version 16
VisualStudioVersion = 16.0.32228.343
MinimumVisualStudioVersion = 10.0.40219.1
Project("{FAE04EC0-301F-11D3-BF4B-00C04F79EFBC}") = "NEWSViewer", "NEWSViewer\NEWSViewer.csproj", "{ED7F0A45-A369-43AA-B1BC-16DE47371AD8}"
EndProject
Project("{FAE04EC0-301F-11D3-BF4B-00C04F79EFBC}") = "TaewonyNet.Common", "..\dari\Source\TaewonyNet.Common\TaewonyNet.Common.csproj", "{DFDBEEEF-D21F-4BD1-B338-E9B2DC2DB6A5}"
EndProject
Project("{54435603-DBB4-11D2-8724-00A0C9A8B90C}") = "NEWSViewerInstaller", "NEWSViewerInstaller\NEWSViewerInstaller.vdproj", "{5AFD7271-6DB7-4F0A-9BEE-391F489554ED}"
EndProject
Global
	GlobalSection(SolutionConfigurationPlatforms) = preSolution
		Debug|Any CPU = Debug|Any CPU
		Release|Any CPU = Release|Any CPU
	EndGlobalSection
	GlobalSection(ProjectConfigurationPlatforms) = postSolution
		{ED7F0A45-A369-43AA-B1BC-16DE47371AD8}.Debug|Any CPU.ActiveCfg = Debug|Any CPU
		{ED7F0A45-A369-43AA-B1BC-16DE47371AD8}.Debug|Any CPU.Build.0 = Debug|Any CPU
		{ED7F0A45-A369-43AA-B1BC-16DE47371AD8}.Release|Any CPU.ActiveCfg = Release|Any CPU
		{ED7F0A45-A369-43AA-B1BC-16DE47371AD8}.Release|Any CPU.Build.0 = Release|Any CPU
		{DFDBEEEF-D21F-4BD1-B338-E9B2DC2DB6A5}.Debug|Any CPU.ActiveCfg = Debug|Any CPU
		{DFDBEEEF-D21F-4BD1-B338-E9B2DC2DB6A5}.Debug|Any CPU.Build.0 = Debug|Any CPU
		{DFDBEEEF-D21F-4BD1-B338-E9B2DC2DB6A5}.Release|Any CPU.ActiveCfg = Release|Any CPU
		{DFDBEEEF-D21F-4BD1-B338-E9B2DC2DB6A5}.Release|Any CPU.Build.0 = Release|Any CPU
		{5AFD7271-6DB7-4F0A-9BEE-391F489554ED}.Debug|Any CPU.ActiveCfg = Release
		{5AFD7271-6DB7-4F0A-9BEE-391F489554ED}.Release|Any CPU.ActiveCfg = Release
	EndGlobalSection
	GlobalSection(SolutionProperties) = preSolution
		HideSolutionNode = FALSE
	EndGlobalSection
	GlobalSection(ExtensibilityGlobals) = postSolution
		SolutionGuid = {EBD08141-F8A6-464F-9E66-4833C7D68691}
	EndGlobalSection
EndGlobal
